
Microsoft Visual Studio Solution File, Format Version 12.00
# Visual Studio 15
Project("{FAE04EC0-301F-11D3-BF4B-00C04F79EFBC}") = "Assembly-CSharp", "Assembly-CSharp.csproj", "{068D42E5-58CB-5B35-16E4-96EF6D9408EE}"
EndProject
Global
	GlobalSection(SolutionConfigurationPlatforms) = preSolution
		Debug|Any CPU = Debug|Any CPU
		Release|Any CPU = Release|Any CPU
	EndGlobalSection
	GlobalSection(ProjectConfigurationPlatforms) = postSolution
		{068D42E5-58CB-5B35-16E4-96EF6D9408EE}.Debug|Any CPU.ActiveCfg = Debug|Any CPU
		{068D42E5-58CB-5B35-16E4-96EF6D9408EE}.Debug|Any CPU.Build.0 = Debug|Any CPU
		{068D42E5-58CB-5B35-16E4-96EF6D9408EE}.Release|Any CPU.ActiveCfg = Release|Any CPU
		{068D42E5-58CB-5B35-16E4-96EF6D9408EE}.Release|Any CPU.Build.0 = Release|Any CPU
	EndGlobalSection
	GlobalSection(SolutionProperties) = preSolution
		HideSolutionNode = FALSE
	EndGlobalSection
EndGlobal
